// !$*UTF8*$!
{
	archiveVersion = 1;
	classes = {
	};
	objectVersion = 46;
	objects = {

/* Begin PBXBuildFile section */
		028C1BDD2963FD1C00D0A1FB /* ChangesetParser.cpp in Sources */ = {isa = PBXBuildFile; fileRef = 028C1BDB2963FD1C00D0A1FB /* ChangesetParser.cpp */; };
		02BE9D152093F8170001BD4D /* Countries.mm in Sources */ = {isa = PBXBuildFile; fileRef = 02BE9D142093F8170001BD4D /* Countries.mm */; };
		02BE9D18209403420001BD4D /* AppKit.framework in Frameworks */ = {isa = PBXBuildFile; fileRef = 02BE9D17209403420001BD4D /* AppKit.framework */; };
		02C75F361967185800B7AE08 /* main.cpp in Sources */ = {isa = PBXBuildFile; fileRef = 02C75F351967185800B7AE08 /* main.cpp */; };
/* End PBXBuildFile section */

/* Begin PBXCopyFilesBuildPhase section */
		02C75F301967185800B7AE08 /* CopyFiles */ = {
			isa = PBXCopyFilesBuildPhase;
			buildActionMask = 2147483647;
			dstPath = /usr/share/man/man1/;
			dstSubfolderSpec = 0;
			files = (
			);
			runOnlyForDeploymentPostprocessing = 1;
		};
/* End PBXCopyFilesBuildPhase section */

/* Begin PBXFileReference section */
		028C1BDB2963FD1C00D0A1FB /* ChangesetParser.cpp */ = {isa = PBXFileReference; lastKnownFileType = sourcecode.cpp.cpp; path = ChangesetParser.cpp; sourceTree = "<group>"; };
		028C1BDC2963FD1C00D0A1FB /* ChangesetParser.hpp */ = {isa = PBXFileReference; lastKnownFileType = sourcecode.cpp.h; path = ChangesetParser.hpp; sourceTree = "<group>"; };
		02BE9D0F2093F65E0001BD4D /* countries.geojson */ = {isa = PBXFileReference; fileEncoding = 4; lastKnownFileType = text; path = countries.geojson; sourceTree = "<group>"; };
		02BE9D132093F8170001BD4D /* Countries.h */ = {isa = PBXFileReference; lastKnownFileType = sourcecode.c.h; path = Countries.h; sourceTree = "<group>"; };
		02BE9D142093F8170001BD4D /* Countries.mm */ = {isa = PBXFileReference; lastKnownFileType = sourcecode.cpp.objcpp; path = Countries.mm; sourceTree = "<group>"; };
		02BE9D17209403420001BD4D /* AppKit.framework */ = {isa = PBXFileReference; lastKnownFileType = wrapper.framework; name = AppKit.framework; path = System/Library/Frameworks/AppKit.framework; sourceTree = SDKROOT; };
		02C75F321967185800B7AE08 /* ParseOsmChangesetFile */ = {isa = PBXFileReference; explicitFileType = "compiled.mach-o.executable"; includeInIndex = 0; path = ParseOsmChangesetFile; sourceTree = BUILT_PRODUCTS_DIR; };
		02C75F351967185800B7AE08 /* main.cpp */ = {isa = PBXFileReference; lastKnownFileType = sourcecode.cpp.cpp; path = main.cpp; sourceTree = "<group>"; };
/* End PBXFileReference section */

/* Begin PBXFrameworksBuildPhase section */
		02C75F2F1967185800B7AE08 /* Frameworks */ = {
			isa = PBXFrameworksBuildPhase;
			buildActionMask = 2147483647;
			files = (
				02BE9D18209403420001BD4D /* AppKit.framework in Frameworks */,
			);
			runOnlyForDeploymentPostprocessing = 0;
		};
/* End PBXFrameworksBuildPhase section */

/* Begin PBXGroup section */
		02BE9D16209403410001BD4D /* Frameworks */ = {
			isa = PBXGroup;
			children = (
				02BE9D17209403420001BD4D /* AppKit.framework */,
			);
			name = Frameworks;
			sourceTree = "<group>";
		};
		02C75F291967185800B7AE08 = {
			isa = PBXGroup;
			children = (
				02C75F341967185800B7AE08 /* ParseOsmChangesetFile */,
				02C75F331967185800B7AE08 /* Products */,
				02BE9D16209403410001BD4D /* Frameworks */,
			);
			sourceTree = "<group>";
		};
		02C75F331967185800B7AE08 /* Products */ = {
			isa = PBXGroup;
			children = (
				02C75F321967185800B7AE08 /* ParseOsmChangesetFile */,
			);
			name = Products;
			sourceTree = "<group>";
		};
		02C75F341967185800B7AE08 /* ParseOsmChangesetFile */ = {
			isa = PBXGroup;
			children = (
				02C75F351967185800B7AE08 /* main.cpp */,
				02BE9D132093F8170001BD4D /* Countries.h */,
				02BE9D142093F8170001BD4D /* Countries.mm */,
				02BE9D0F2093F65E0001BD4D /* countries.geojson */,
				028C1BDB2963FD1C00D0A1FB /* ChangesetParser.cpp */,
				028C1BDC2963FD1C00D0A1FB /* ChangesetParser.hpp */,
			);
			path = ParseOsmChangesetFile;
			sourceTree = "<group>";
		};
/* End PBXGroup section */

/* Begin PBXNativeTarget section */
		02C75F311967185800B7AE08 /* ParseOsmChangesetFile */ = {
			isa = PBXNativeTarget;
			buildConfigurationList = 02C75F391967185800B7AE08 /* Build configuration list for PBXNativeTarget "ParseOsmChangesetFile" */;
			buildPhases = (
				02C75F2E1967185800B7AE08 /* Sources */,
				02C75F2F1967185800B7AE08 /* Frameworks */,
				02C75F301967185800B7AE08 /* CopyFiles */,
			);
			buildRules = (
			);
			dependencies = (
			);
			name = ParseOsmChangesetFile;
			productName = ParseOsmChangesetFile;
			productReference = 02C75F321967185800B7AE08 /* ParseOsmChangesetFile */;
			productType = "com.apple.product-type.tool";
		};
/* End PBXNativeTarget section */

/* Begin PBXProject section */
		02C75F2A1967185800B7AE08 /* Project object */ = {
			isa = PBXProject;
			attributes = {
				LastUpgradeCheck = 1420;
				ORGANIZATIONNAME = "Bryce Cogswell";
				TargetAttributes = {
					02C75F311967185800B7AE08 = {
						CreatedOnToolsVersion = 6.0;
					};
				};
			};
			buildConfigurationList = 02C75F2D1967185800B7AE08 /* Build configuration list for PBXProject "ParseOsmChangesetFile" */;
			compatibilityVersion = "Xcode 3.2";
			developmentRegion = en;
			hasScannedForEncodings = 0;
			knownRegions = (
				en,
				Base,
			);
			mainGroup = 02C75F291967185800B7AE08;
			productRefGroup = 02C75F331967185800B7AE08 /* Products */;
			projectDirPath = "";
			projectRoot = "";
			targets = (
				02C75F311967185800B7AE08 /* ParseOsmChangesetFile */,
			);
		};
/* End PBXProject section */

/* Begin PBXSourcesBuildPhase section */
		02C75F2E1967185800B7AE08 /* Sources */ = {
			isa = PBXSourcesBuildPhase;
			buildActionMask = 2147483647;
			files = (
				02C75F361967185800B7AE08 /* main.cpp in Sources */,
				028C1BDD2963FD1C00D0A1FB /* ChangesetParser.cpp in Sources */,
				02BE9D152093F8170001BD4D /* Countries.mm in Sources */,
			);
			runOnlyForDeploymentPostprocessing = 0;
		};
/* End PBXSourcesBuildPhase section */

/* Begin XCBuildConfiguration section */
		02C75F371967185800B7AE08 /* Debug */ = {
			isa = XCBuildConfiguration;
			buildSettings = {
				ALWAYS_SEARCH_USER_PATHS = NO;
				CLANG_CXX_LANGUAGE_STANDARD = "gnu++0x";
				CLANG_CXX_LIBRARY = "libc++";
				CLANG_ENABLE_MODULES = YES;
				CLANG_ENABLE_OBJC_ARC = YES;
				CLANG_WARN_BLOCK_CAPTURE_AUTORELEASING = YES;
				CLANG_WARN_BOOL_CONVERSION = YES;
				CLANG_WARN_COMMA = YES;
				CLANG_WARN_CONSTANT_CONVERSION = YES;
				CLANG_WARN_DEPRECATED_OBJC_IMPLEMENTATIONS = YES;
				CLANG_WARN_DIRECT_OBJC_ISA_USAGE = YES_ERROR;
				CLANG_WARN_EMPTY_BODY = YES;
				CLANG_WARN_ENUM_CONVERSION = YES;
				CLANG_WARN_INFINITE_RECURSION = YES;
				CLANG_WARN_INT_CONVERSION = YES;
				CLANG_WARN_NON_LITERAL_NULL_CONVERSION = YES;
				CLANG_WARN_OBJC_IMPLICIT_RETAIN_SELF = YES;
				CLANG_WARN_OBJC_LITERAL_CONVERSION = YES;
				CLANG_WARN_OBJC_ROOT_CLASS = YES_ERROR;
				CLANG_WARN_QUOTED_INCLUDE_IN_FRAMEWORK_HEADER = YES;
				CLANG_WARN_RANGE_LOOP_ANALYSIS = YES;
				CLANG_WARN_STRICT_PROTOTYPES = YES;
				CLANG_WARN_SUSPICIOUS_MOVE = YES;
				CLANG_WARN_UNREACHABLE_CODE = YES;
				CLANG_WARN__DUPLICATE_METHOD_MATCH = YES;
				COPY_PHASE_STRIP = NO;
				DEAD_CODE_STRIPPING = YES;
				ENABLE_STRICT_OBJC_MSGSEND = YES;
				ENABLE_TESTABILITY = YES;
				GCC_C_LANGUAGE_STANDARD = gnu99;
				GCC_DYNAMIC_NO_PIC = NO;
				GCC_NO_COMMON_BLOCKS = YES;
				GCC_OPTIMIZATION_LEVEL = 0;
				GCC_PREPROCESSOR_DEFINITIONS = (
					"DEBUG=1",
					"$(inherited)",
				);
				GCC_SYMBOLS_PRIVATE_EXTERN = NO;
				GCC_WARN_64_TO_32_BIT_CONVERSION = YES;
				GCC_WARN_ABOUT_RETURN_TYPE = YES_ERROR;
				GCC_WARN_UNDECLARED_SELECTOR = YES;
				GCC_WARN_UNINITIALIZED_AUTOS = YES_AGGRESSIVE;
				GCC_WARN_UNUSED_FUNCTION = YES;
				GCC_WARN_UNUSED_VARIABLE = YES;
				MACOSX_DEPLOYMENT_TARGET = 10.9;
				METAL_ENABLE_DEBUG_INFO = YES;
				ONLY_ACTIVE_ARCH = YES;
				SDKROOT = macosx;
			};
			name = Debug;
		};
		02C75F381967185800B7AE08 /* Release */ = {
			isa = XCBuildConfiguration;
			buildSettings = {
				ALWAYS_SEARCH_USER_PATHS = NO;
				CLANG_CXX_LANGUAGE_STANDARD = "gnu++0x";
				CLANG_CXX_LIBRARY = "libc++";
				CLANG_ENABLE_MODULES = YES;
				CLANG_ENABLE_OBJC_ARC = YES;
				CLANG_WARN_BLOCK_CAPTURE_AUTORELEASING = YES;
				CLANG_WARN_BOOL_CONVERSION = YES;
				CLANG_WARN_COMMA = YES;
				CLANG_WARN_CONSTANT_CONVERSION = YES;
				CLANG_WARN_DEPRECATED_OBJC_IMPLEMENTATIONS = YES;
				CLANG_WARN_DIRECT_OBJC_ISA_USAGE = YES_ERROR;
				CLANG_WARN_EMPTY_BODY = YES;
				CLANG_WARN_ENUM_CONVERSION = YES;
				CLANG_WARN_INFINITE_RECURSION = YES;
				CLANG_WARN_INT_CONVERSION = YES;
				CLANG_WARN_NON_LITERAL_NULL_CONVERSION = YES;
				CLANG_WARN_OBJC_IMPLICIT_RETAIN_SELF = YES;
				CLANG_WARN_OBJC_LITERAL_CONVERSION = YES;
				CLANG_WARN_OBJC_ROOT_CLASS = YES_ERROR;
				CLANG_WARN_QUOTED_INCLUDE_IN_FRAMEWORK_HEADER = YES;
				CLANG_WARN_RANGE_LOOP_ANALYSIS = YES;
				CLANG_WARN_STRICT_PROTOTYPES = YES;
				CLANG_WARN_SUSPICIOUS_MOVE = YES;
				CLANG_WARN_UNREACHABLE_CODE = YES;
				CLANG_WARN__DUPLICATE_METHOD_MATCH = YES;
				COPY_PHASE_STRIP = YES;
				DEAD_CODE_STRIPPING = YES;
				DEBUG_INFORMATION_FORMAT = "dwarf-with-dsym";
				ENABLE_NS_ASSERTIONS = NO;
				ENABLE_STRICT_OBJC_MSGSEND = YES;
				GCC_C_LANGUAGE_STANDARD = gnu99;
				GCC_NO_COMMON_BLOCKS = YES;
				GCC_WARN_64_TO_32_BIT_CONVERSION = YES;
				GCC_WARN_ABOUT_RETURN_TYPE = YES_ERROR;
				GCC_WARN_UNDECLARED_SELECTOR = YES;
				GCC_WARN_UNINITIALIZED_AUTOS = YES_AGGRESSIVE;
				GCC_WARN_UNUSED_FUNCTION = YES;
				GCC_WARN_UNUSED_VARIABLE = YES;
				MACOSX_DEPLOYMENT_TARGET = 10.9;
				METAL_ENABLE_DEBUG_INFO = NO;
				SDKROOT = macosx;
			};
			name = Release;
		};
		02C75F3A1967185800B7AE08 /* Debug */ = {
			isa = XCBuildConfiguration;
			buildSettings = {
				CODE_SIGN_IDENTITY = "-";
				DEAD_CODE_STRIPPING = YES;
				MACOSX_DEPLOYMENT_TARGET = "$(RECOMMENDED_MACOSX_DEPLOYMENT_TARGET)";
				PRODUCT_NAME = "$(TARGET_NAME)";
			};
			name = Debug;
		};
		02C75F3B1967185800B7AE08 /* Release */ = {
			isa = XCBuildConfiguration;
			buildSettings = {
				CODE_SIGN_IDENTITY = "-";
				DEAD_CODE_STRIPPING = YES;
				MACOSX_DEPLOYMENT_TARGET = "$(RECOMMENDED_MACOSX_DEPLOYMENT_TARGET)";
				PRODUCT_NAME = "$(TARGET_NAME)";
			};
			name = Release;
		};
/* End XCBuildConfiguration section */

/* Begin XCConfigurationList section */
		02C75F2D1967185800B7AE08 /* Build configuration list for PBXProject "ParseOsmChangesetFile" */ = {
			isa = XCConfigurationList;
			buildConfigurations = (
				02C75F371967185800B7AE08 /* Debug */,
				02C75F381967185800B7AE08 /* Release */,
			);
			defaultConfigurationIsVisible = 0;
			defaultConfigurationName = Release;
		};
		02C75F391967185800B7AE08 /* Build configuration list for PBXNativeTarget "ParseOsmChangesetFile" */ = {
			isa = XCConfigurationList;
			buildConfigurations = (
				02C75F3A1967185800B7AE08 /* Debug */,
				02C75F3B1967185800B7AE08 /* Release */,
			);
			defaultConfigurationIsVisible = 0;
			defaultConfigurationName = Release;
		};
/* End XCConfigurationList section */
	};
	rootObject = 02C75F2A1967185800B7AE08 /* Project object */;
}
